{
  "name": "github-actions-study",
  "version": "1.0.0",
  "lockfileVersion": 3,
  "requires": true,
  "packages": {
    "": {
      "name": "github-actions-study",
      "version": "1.0.0",
      "license": "ISC",
      "dependencies": {
        "ci-info": "^4.0.0"
      }
    },
    "node_modules/ci-info": {
      "version": "4.0.0",
      "resolved": "https://registry.npmjs.org/ci-info/-/ci-info-4.0.0.tgz",
      "integrity": "sha512-TdHqgGf9odd8SXNuxtUBVx8Nv+qZOejE6qyqiy5NtbYYQOeFa6zmHkxlPzmaLxWWHsU6nJmB7AETdVPi+2NBUg==",
      "funding": [
        {
          "type": "github",
          "url": "https://github.com/sponsors/sibiraj-s"
        }
      ],
      "license": "MIT",
      "engines": {
        "node": ">=8"
      }
    }
  }
}
