lockfileVersion: '9.0'

settings:
  autoInstallPeers: true
  excludeLinksFromLockfile: false

importers:

  .:
    dependencies:
      ci-info:
        specifier: ^4.0.0
        version: 4.0.0

packages:

  ci-info@4.0.0:
    resolution: {integrity: sha512-TdHqgGf9odd8SXNuxtUBVx8Nv+qZOejE6qyqiy5NtbYYQOeFa6zmHkxlPzmaLxWWHsU6nJmB7AETdVPi+2NBUg==}
    engines: {node: '>=8'}

snapshots:

  ci-info@4.0.0: {}
